<Solution>
  <Folder Name="/src/">
    <Project Path="src/PeopleHub.Employee.API/PeopleHub.Employee.API.csproj" />
    <Project Path="src/PeopleHub.Employee.Application/PeopleHub.Employee.Application.csproj" />
    <Project Path="src/PeopleHub.Employee.Core/PeopleHub.Employee.Core.csproj" />
    <Project Path="src/PeopleHub.Employee.Infrastructure/PeopleHub.Employee.Infrastructure.csproj" />
  </Folder>
  <Folder Name="/tests/">
    <Project Path="tests/PeopleHub.Employee.IntegrationTests/PeopleHub.Employee.IntegrationTests.csproj" />
    <Project Path="tests/PeopleHub.Employee.UnitTests/PeopleHub.Employee.UnitTests.csproj" />
  </Folder>
</Solution>
